<?xml version="1.0" encoding="utf-8"?>
<Project ToolsVersion="4.0" xmlns="http://schemas.microsoft.com/developer/msbuild/2003">
  <ItemGroup>
    <Filter Include="Source Files">
      <UniqueIdentifier>{4FC737F1-C7A5-4376-A066-2A32D752A2FF}</UniqueIdentifier>
      <Extensions>cpp;c;cc;cxx;def;odl;idl;hpj;bat;asm;asmx</Extensions>
    </Filter>
    <Filter Include="Header Files">
      <UniqueIdentifier>{93995380-89BD-4b04-88EB-625FBE52EBFB}</UniqueIdentifier>
      <Extensions>h;hh;hpp;hxx;hm;inl;inc;xsd</Extensions>
    </Filter>
    <Filter Include="Resource Files">
      <UniqueIdentifier>{67DA6AB6-F800-4c08-8B7A-83BB121AAD01}</UniqueIdentifier>
      <Extensions>rc;ico;cur;bmp;dlg;rc2;rct;bin;rgs;gif;jpg;jpeg;jpe;resx;tiff;tif;png;wav;mfcribbon-ms</Extensions>
    </Filter>
    <Filter Include="Header Files\Game">
      <UniqueIdentifier>{3c0f64f8-2c9a-48ff-bfaa-3f32d8653d8e}</UniqueIdentifier>
    </Filter>
    <Filter Include="Header Files\Lumina">
      <UniqueIdentifier>{b62ce16b-5f72-4a85-83c2-38d70fe98e62}</UniqueIdentifier>
    </Filter>
    <Filter Include="Source Files\Lumina">
      <UniqueIdentifier>{96d6b909-ec33-47ef-b417-ac36990610f6}</UniqueIdentifier>
    </Filter>
    <Filter Include="Source Files\Game">
      <UniqueIdentifier>{59c25100-8edf-4d42-921a-849bff4a3b7d}</UniqueIdentifier>
    </Filter>
    <Filter Include="Source Files\Game\Objects">
      <UniqueIdentifier>{8210678d-feb3-45d0-b467-702fb42f6fbe}</UniqueIdentifier>
    </Filter>
    <Filter Include="Shaders">
      <UniqueIdentifier>{16789ddd-a5f2-4316-a458-c4c9d340436e}</UniqueIdentifier>
    </Filter>
    <Filter Include="Shaders\Pixel">
      <UniqueIdentifier>{99577b3f-6ba5-4dbb-9ed1-9e15874b7386}</UniqueIdentifier>
    </Filter>
    <Filter Include="Shaders\Vertex">
      <UniqueIdentifier>{385b2f15-2118-4bbd-b2c0-b5dca015a6ea}</UniqueIdentifier>
    </Filter>
    <Filter Include="Shaders\Include">
      <UniqueIdentifier>{267660af-9471-4043-b77d-fd3e98698d00}</UniqueIdentifier>
    </Filter>
    <Filter Include="Shaders\Geometry">
      <UniqueIdentifier>{cb292319-e2c9-4690-acf5-70cdcbc4aa32}</UniqueIdentifier>
    </Filter>
    <Filter Include="Shaders\Domain">
      <UniqueIdentifier>{045a38da-41d1-437d-95cd-d50281814c0f}</UniqueIdentifier>
    </Filter>
    <Filter Include="Shaders\Hull">
      <UniqueIdentifier>{9beb8401-2bc6-4a85-8c9d-46396df0e5c1}</UniqueIdentifier>
    </Filter>
    <Filter Include="Shaders\Compute">
      <UniqueIdentifier>{da21635e-fc6f-4683-804c-8d398faa80f1}</UniqueIdentifier>
    </Filter>
    <Filter Include="Header Files\Lumina\Graphics">
      <UniqueIdentifier>{f0fbfae5-1f06-47b7-984a-5b0b4a8db96b}</UniqueIdentifier>
    </Filter>
    <Filter Include="Source Files\Lumina\Graphics">
      <UniqueIdentifier>{cbb58630-1b16-4e0c-a04b-cda75348e066}</UniqueIdentifier>
    </Filter>
    <Filter Include="Header Files\Lumina\Graphics\States">
      <UniqueIdentifier>{159ef76d-9168-4ac8-82fe-be5e824a223c}</UniqueIdentifier>
    </Filter>
    <Filter Include="Source Files\Lumina\Graphics\States">
      <UniqueIdentifier>{d2cf061e-d061-47bb-a688-4b336edfed79}</UniqueIdentifier>
    </Filter>
  </ItemGroup>
  <ItemGroup>
    <ClCompile Include="Game.cpp">
      <Filter>Source Files\Lumina</Filter>
    </ClCompile>
    <ClCompile Include="TestScene.cpp">
      <Filter>Source Files\Game</Filter>
    </ClCompile>
    <ClCompile Include="Timer.cpp">
      <Filter>Source Files\Lumina</Filter>
    </ClCompile>
    <ClCompile Include="Camera.cpp">
      <Filter>Source Files\Lumina\Graphics</Filter>
    </ClCompile>
    <ClCompile Include="Window.cpp">
      <Filter>Source Files\Lumina\Graphics</Filter>
    </ClCompile>
    <ClCompile Include="MeshGenerator.cpp">
      <Filter>Source Files\Lumina\Graphics</Filter>
    </ClCompile>
    <ClCompile Include="Material.cpp">
      <Filter>Source Files\Lumina\Graphics</Filter>
    </ClCompile>
    <ClCompile Include="Mesh.cpp">
      <Filter>Source Files\Lumina\Graphics</Filter>
    </ClCompile>
    <ClCompile Include="Main.cpp">
      <Filter>Source Files</Filter>
    </ClCompile>
    <ClCompile Include="Shader.cpp">
      <Filter>Source Files\Lumina\Graphics</Filter>
    </ClCompile>
    <ClCompile Include="GameObject.cpp">
      <Filter>Source Files\Lumina\Graphics</Filter>
    </ClCompile>
    <ClCompile Include="Light.cpp">
      <Filter>Source Files\Lumina\Graphics</Filter>
    </ClCompile>
    <ClCompile Include="ShadowMap.cpp">
      <Filter>Source Files\Lumina\Graphics</Filter>
    </ClCompile>
    <ClCompile Include="ParticleEmitter.cpp">
      <Filter>Source Files\Lumina\Graphics</Filter>
    </ClCompile>
    <ClCompile Include="Texture.cpp">
      <Filter>Source Files\Lumina\Graphics</Filter>
    </ClCompile>
    <ClCompile Include="Scene.cpp">
      <Filter>Source Files\Lumina</Filter>
    </ClCompile>
    <ClCompile Include="GraphicsManager.cpp">
      <Filter>Source Files\Lumina\Graphics</Filter>
    </ClCompile>
    <ClCompile Include="BlendState.cpp">
      <Filter>Source Files\Lumina\Graphics\States</Filter>
    </ClCompile>
    <ClCompile Include="SamplerState.cpp">
      <Filter>Source Files\Lumina\Graphics\States</Filter>
    </ClCompile>
    <ClCompile Include="DepthStencilState.cpp">
      <Filter>Source Files\Lumina\Graphics\States</Filter>
    </ClCompile>
    <ClCompile Include="RasterizerState.cpp">
      <Filter>Source Files\Lumina\Graphics\States</Filter>
    </ClCompile>
    <ClCompile Include="GraphicsDevice.cpp">
      <Filter>Source Files\Lumina\Graphics</Filter>
    </ClCompile>
  </ItemGroup>
  <ItemGroup>
    <ClInclude Include="TestScene.hpp">
      <Filter>Header Files\Game</Filter>
    </ClInclude>
    <ClInclude Include="Game.hpp">
      <Filter>Header Files\Lumina</Filter>
    </ClInclude>
    <ClInclude Include="Config.hpp">
      <Filter>Header Files\Lumina</Filter>
    </ClInclude>
    <ClInclude Include="Lumina.hpp">
      <Filter>Header Files\Lumina</Filter>
    </ClInclude>
    <ClInclude Include="Timer.hpp">
      <Filter>Header Files\Lumina</Filter>
    </ClInclude>
    <ClInclude Include="Camera.hpp">
      <Filter>Header Files\Lumina\Graphics</Filter>
    </ClInclude>
    <ClInclude Include="Shader.hpp">
      <Filter>Header Files\Lumina\Graphics</Filter>
    </ClInclude>
    <ClInclude Include="Window.hpp">
      <Filter>Header Files\Lumina\Graphics</Filter>
    </ClInclude>
    <ClInclude Include="Material.hpp">
      <Filter>Header Files\Lumina\Graphics</Filter>
    </ClInclude>
    <ClInclude Include="Mesh.hpp">
      <Filter>Header Files\Lumina\Graphics</Filter>
    </ClInclude>
    <ClInclude Include="GameObject.hpp">
      <Filter>Header Files\Lumina\Graphics</Filter>
    </ClInclude>
    <ClInclude Include="MeshGenerator.hpp">
      <Filter>Header Files\Lumina\Graphics</Filter>
    </ClInclude>
    <ClInclude Include="Vertex.hpp">
      <Filter>Header Files\Lumina\Graphics</Filter>
    </ClInclude>
    <ClInclude Include="Light.hpp">
      <Filter>Header Files\Lumina\Graphics</Filter>
    </ClInclude>
    <ClInclude Include="Scene.hpp">
      <Filter>Header Files\Lumina</Filter>
    </ClInclude>
    <ClInclude Include="ShadowMap.hpp">
      <Filter>Header Files\Lumina\Graphics</Filter>
    </ClInclude>
    <ClInclude Include="ParticleEmitter.hpp">
      <Filter>Header Files\Lumina\Graphics</Filter>
    </ClInclude>
    <ClInclude Include="Texture.hpp">
      <Filter>Header Files\Lumina\Graphics</Filter>
    </ClInclude>
    <ClInclude Include="GraphicsManager.hpp">
      <Filter>Header Files\Lumina\Graphics</Filter>
    </ClInclude>
    <ClInclude Include="BlendState.hpp">
      <Filter>Header Files\Lumina\Graphics\States</Filter>
    </ClInclude>
    <ClInclude Include="RasterizerState.hpp">
      <Filter>Header Files\Lumina\Graphics\States</Filter>
    </ClInclude>
    <ClInclude Include="DepthStencilState.hpp">
      <Filter>Header Files\Lumina\Graphics\States</Filter>
    </ClInclude>
    <ClInclude Include="GraphicsDevice.hpp">
      <Filter>Header Files\Lumina\Graphics</Filter>
    </ClInclude>
    <ClInclude Include="SamplerState.hpp">
      <Filter>Header Files\Lumina\Graphics\States</Filter>
    </ClInclude>
  </ItemGroup>
  <ItemGroup>
    <FxCompile Include="DefaultVert.hlsl">
      <Filter>Shaders\Vertex</Filter>
    </FxCompile>
    <FxCompile Include="DefaultPix.hlsl">
      <Filter>Shaders\Pixel</Filter>
    </FxCompile>
    <FxCompile Include="TexturedPix.hlsl">
      <Filter>Shaders\Pixel</Filter>
    </FxCompile>
    <FxCompile Include="TexturedLitPix.hlsl">
      <Filter>Shaders\Pixel</Filter>
    </FxCompile>
    <FxCompile Include="TexturedBumpedLitPix.hlsl">
      <Filter>Shaders\Pixel</Filter>
    </FxCompile>
    <FxCompile Include="LitPix.hlsl">
      <Filter>Shaders\Pixel</Filter>
    </FxCompile>
    <FxCompile Include="ShadowedVert.hlsl">
      <Filter>Shaders\Vertex</Filter>
    </FxCompile>
    <FxCompile Include="ShadowedLitPix.hlsl">
      <Filter>Shaders\Pixel</Filter>
    </FxCompile>
    <FxCompile Include="ShadowedTexturedLitPix.hlsl">
      <Filter>Shaders\Pixel</Filter>
    </FxCompile>
    <FxCompile Include="ShadowedTexturedBumpedLitPix.hlsl">
      <Filter>Shaders\Pixel</Filter>
    </FxCompile>
    <FxCompile Include="ParticleBillboardGeo.hlsl">
      <Filter>Shaders\Geometry</Filter>
    </FxCompile>
    <FxCompile Include="ParticleGenerationGeo.hlsl">
      <Filter>Shaders\Geometry</Filter>
    </FxCompile>
    <FxCompile Include="ParticleStreamVert.hlsl">
      <Filter>Shaders\Vertex</Filter>
    </FxCompile>
    <FxCompile Include="DrawParticlePix.hlsl">
      <Filter>Shaders\Pixel</Filter>
    </FxCompile>
    <FxCompile Include="DrawParticleVert.hlsl">
      <Filter>Shaders\Vertex</Filter>
    </FxCompile>
  </ItemGroup>
  <ItemGroup>
    <None Include="Lighting.hlsli">
      <Filter>Shaders\Include</Filter>
    </None>
  </ItemGroup>
</Project>